
Microsoft Visual Studio Solution File, Format Version 12.00
# Visual Studio Version 16
VisualStudioVersion = 16.0.30711.63
MinimumVisualStudioVersion = 10.0.40219.1
Project("{FAE04EC0-301F-11D3-BF4B-00C04F79EFBC}") = "SER.Utilitties.NetCore", "SER.Utilitties.NetCore.csproj", "{0FF571B6-E865-4515-862D-B08AD1DC835C}"
EndProject
Global
	GlobalSection(SolutionConfigurationPlatforms) = preSolution
		Debug|Any CPU = Debug|Any CPU
		Release|Any CPU = Release|Any CPU
	EndGlobalSection
	GlobalSection(ProjectConfigurationPlatforms) = postSolution
		{0FF571B6-E865-4515-862D-B08AD1DC835C}.Debug|Any CPU.ActiveCfg = Debug|Any CPU
		{0FF571B6-E865-4515-862D-B08AD1DC835C}.Debug|Any CPU.Build.0 = Debug|Any CPU
		{0FF571B6-E865-4515-862D-B08AD1DC835C}.Release|Any CPU.ActiveCfg = Release|Any CPU
		{0FF571B6-E865-4515-862D-B08AD1DC835C}.Release|Any CPU.Build.0 = Release|Any CPU
	EndGlobalSection
	GlobalSection(SolutionProperties) = preSolution
		HideSolutionNode = FALSE
	EndGlobalSection
	GlobalSection(ExtensibilityGlobals) = postSolution
		SolutionGuid = {DA9E492D-DCC6-41E5-80F7-55179B5D9CAF}
	EndGlobalSection
EndGlobal
